// !$*UTF8*$!
{
	archiveVersion = 1;
	classes = {
	};
	objectVersion = 46;
	objects = {

/* Begin PBXBuildFile section */
		BE8764AC1C8EF428002FBDEE /* main.swift in Sources */ = {isa = PBXBuildFile; fileRef = BE8764AB1C8EF428002FBDEE /* main.swift */; };
		BE8764C91C90D581002FBDEE /* QwertyDvorakSwiftTests.swift in Sources */ = {isa = PBXBuildFile; fileRef = BE8764C81C90D581002FBDEE /* QwertyDvorakSwiftTests.swift */; };
		BE8764D01C90D62E002FBDEE /* main.swift in Sources */ = {isa = PBXBuildFile; fileRef = BE8764AB1C8EF428002FBDEE /* main.swift */; };
/* End PBXBuildFile section */

/* Begin PBXContainerItemProxy section */
		BE8764CE1C90D5E7002FBDEE /* PBXContainerItemProxy */ = {
			isa = PBXContainerItemProxy;
			containerPortal = BE8764A01C8EF428002FBDEE /* Project object */;
			proxyType = 1;
			remoteGlobalIDString = BE8764A71C8EF428002FBDEE;
			remoteInfo = QwertyDvorakSwift;
		};
/* End PBXContainerItemProxy section */

/* Begin PBXCopyFilesBuildPhase section */
		BE8764A61C8EF428002FBDEE /* CopyFiles */ = {
			isa = PBXCopyFilesBuildPhase;
			buildActionMask = 2147483647;
			dstPath = /usr/share/man/man1/;
			dstSubfolderSpec = 0;
			files = (
			);
			runOnlyForDeploymentPostprocessing = 1;
		};
/* End PBXCopyFilesBuildPhase section */

/* Begin PBXFileReference section */
		BE8764A81C8EF428002FBDEE /* QwertyDvorakSwift */ = {isa = PBXFileReference; explicitFileType = "compiled.mach-o.executable"; includeInIndex = 0; path = QwertyDvorakSwift; sourceTree = BUILT_PRODUCTS_DIR; };
		BE8764AB1C8EF428002FBDEE /* main.swift */ = {isa = PBXFileReference; lastKnownFileType = sourcecode.swift; path = main.swift; sourceTree = "<group>"; };
		BE8764C61C90D581002FBDEE /* QwertyDvorakSwiftTests.xctest */ = {isa = PBXFileReference; explicitFileType = wrapper.cfbundle; includeInIndex = 0; path = QwertyDvorakSwiftTests.xctest; sourceTree = BUILT_PRODUCTS_DIR; };
		BE8764C81C90D581002FBDEE /* QwertyDvorakSwiftTests.swift */ = {isa = PBXFileReference; lastKnownFileType = sourcecode.swift; path = QwertyDvorakSwiftTests.swift; sourceTree = "<group>"; };
		BE8764CA1C90D581002FBDEE /* Info.plist */ = {isa = PBXFileReference; lastKnownFileType = text.plist.xml; path = Info.plist; sourceTree = "<group>"; };
/* End PBXFileReference section */

/* Begin PBXFrameworksBuildPhase section */
		BE8764A51C8EF428002FBDEE /* Frameworks */ = {
			isa = PBXFrameworksBuildPhase;
			buildActionMask = 2147483647;
			files = (
			);
			runOnlyForDeploymentPostprocessing = 0;
		};
		BE8764C31C90D581002FBDEE /* Frameworks */ = {
			isa = PBXFrameworksBuildPhase;
			buildActionMask = 2147483647;
			files = (
			);
			runOnlyForDeploymentPostprocessing = 0;
		};
/* End PBXFrameworksBuildPhase section */

/* Begin PBXGroup section */
		BE87649F1C8EF428002FBDEE = {
			isa = PBXGroup;
			children = (
				BE8764AA1C8EF428002FBDEE /* QwertyDvorakSwift */,
				BE8764C71C90D581002FBDEE /* QwertyDvorakSwiftTests */,
				BE8764A91C8EF428002FBDEE /* Products */,
			);
			sourceTree = "<group>";
		};
		BE8764A91C8EF428002FBDEE /* Products */ = {
			isa = PBXGroup;
			children = (
				BE8764A81C8EF428002FBDEE /* QwertyDvorakSwift */,
				BE8764C61C90D581002FBDEE /* QwertyDvorakSwiftTests.xctest */,
			);
			name = Products;
			sourceTree = "<group>";
		};
		BE8764AA1C8EF428002FBDEE /* QwertyDvorakSwift */ = {
			isa = PBXGroup;
			children = (
				BE8764AB1C8EF428002FBDEE /* main.swift */,
			);
			path = QwertyDvorakSwift;
			sourceTree = "<group>";
		};
		BE8764C71C90D581002FBDEE /* QwertyDvorakSwiftTests */ = {
			isa = PBXGroup;
			children = (
				BE8764C81C90D581002FBDEE /* QwertyDvorakSwiftTests.swift */,
				BE8764CA1C90D581002FBDEE /* Info.plist */,
			);
			path = QwertyDvorakSwiftTests;
			sourceTree = "<group>";
		};
/* End PBXGroup section */

/* Begin PBXNativeTarget section */
		BE8764A71C8EF428002FBDEE /* QwertyDvorakSwift */ = {
			isa = PBXNativeTarget;
			buildConfigurationList = BE8764AF1C8EF428002FBDEE /* Build configuration list for PBXNativeTarget "QwertyDvorakSwift" */;
			buildPhases = (
				BE8764A41C8EF428002FBDEE /* Sources */,
				BE8764A51C8EF428002FBDEE /* Frameworks */,
				BE8764A61C8EF428002FBDEE /* CopyFiles */,
			);
			buildRules = (
			);
			dependencies = (
			);
			name = QwertyDvorakSwift;
			productName = QwertyDvorakSwift;
			productReference = BE8764A81C8EF428002FBDEE /* QwertyDvorakSwift */;
			productType = "com.apple.product-type.tool";
		};
		BE8764C51C90D581002FBDEE /* QwertyDvorakSwiftTests */ = {
			isa = PBXNativeTarget;
			buildConfigurationList = BE8764CB1C90D581002FBDEE /* Build configuration list for PBXNativeTarget "QwertyDvorakSwiftTests" */;
			buildPhases = (
				BE8764C21C90D581002FBDEE /* Sources */,
				BE8764C31C90D581002FBDEE /* Frameworks */,
				BE8764C41C90D581002FBDEE /* Resources */,
			);
			buildRules = (
			);
			dependencies = (
				BE8764CF1C90D5E7002FBDEE /* PBXTargetDependency */,
			);
			name = QwertyDvorakSwiftTests;
			productName = QwertyDvorakSwiftTests;
			productReference = BE8764C61C90D581002FBDEE /* QwertyDvorakSwiftTests.xctest */;
			productType = "com.apple.product-type.bundle.unit-test";
		};
/* End PBXNativeTarget section */

/* Begin PBXProject section */
		BE8764A01C8EF428002FBDEE /* Project object */ = {
			isa = PBXProject;
			attributes = {
				LastSwiftUpdateCheck = 0720;
				LastUpgradeCheck = 0720;
				ORGANIZATIONNAME = AMW;
				TargetAttributes = {
					BE8764A71C8EF428002FBDEE = {
						CreatedOnToolsVersion = 7.2.1;
					};
					BE8764C51C90D581002FBDEE = {
						CreatedOnToolsVersion = 7.2.1;
					};
				};
			};
			buildConfigurationList = BE8764A31C8EF428002FBDEE /* Build configuration list for PBXProject "QwertyDvorakSwift" */;
			compatibilityVersion = "Xcode 3.2";
			developmentRegion = English;
			hasScannedForEncodings = 0;
			knownRegions = (
				en,
			);
			mainGroup = BE87649F1C8EF428002FBDEE;
			productRefGroup = BE8764A91C8EF428002FBDEE /* Products */;
			projectDirPath = "";
			projectRoot = "";
			targets = (
				BE8764A71C8EF428002FBDEE /* QwertyDvorakSwift */,
				BE8764C51C90D581002FBDEE /* QwertyDvorakSwiftTests */,
			);
		};
/* End PBXProject section */

/* Begin PBXResourcesBuildPhase section */
		BE8764C41C90D581002FBDEE /* Resources */ = {
			isa = PBXResourcesBuildPhase;
			buildActionMask = 2147483647;
			files = (
			);
			runOnlyForDeploymentPostprocessing = 0;
		};
/* End PBXResourcesBuildPhase section */

/* Begin PBXSourcesBuildPhase section */
		BE8764A41C8EF428002FBDEE /* Sources */ = {
			isa = PBXSourcesBuildPhase;
			buildActionMask = 2147483647;
			files = (
				BE8764AC1C8EF428002FBDEE /* main.swift in Sources */,
			);
			runOnlyForDeploymentPostprocessing = 0;
		};
		BE8764C21C90D581002FBDEE /* Sources */ = {
			isa = PBXSourcesBuildPhase;
			buildActionMask = 2147483647;
			files = (
				BE8764D01C90D62E002FBDEE /* main.swift in Sources */,
				BE8764C91C90D581002FBDEE /* QwertyDvorakSwiftTests.swift in Sources */,
			);
			runOnlyForDeploymentPostprocessing = 0;
		};
/* End PBXSourcesBuildPhase section */

/* Begin PBXTargetDependency section */
		BE8764CF1C90D5E7002FBDEE /* PBXTargetDependency */ = {
			isa = PBXTargetDependency;
			target = BE8764A71C8EF428002FBDEE /* QwertyDvorakSwift */;
			targetProxy = BE8764CE1C90D5E7002FBDEE /* PBXContainerItemProxy */;
		};
/* End PBXTargetDependency section */

/* Begin XCBuildConfiguration section */
		BE8764AD1C8EF428002FBDEE /* Debug */ = {
			isa = XCBuildConfiguration;
			buildSettings = {
				ALWAYS_SEARCH_USER_PATHS = NO;
				CLANG_CXX_LANGUAGE_STANDARD = "gnu++0x";
				CLANG_CXX_LIBRARY = "libc++";
				CLANG_ENABLE_MODULES = YES;
				CLANG_ENABLE_OBJC_ARC = YES;
				CLANG_WARN_BOOL_CONVERSION = YES;
				CLANG_WARN_CONSTANT_CONVERSION = YES;
				CLANG_WARN_DIRECT_OBJC_ISA_USAGE = YES_ERROR;
				CLANG_WARN_EMPTY_BODY = YES;
				CLANG_WARN_ENUM_CONVERSION = YES;
				CLANG_WARN_INT_CONVERSION = YES;
				CLANG_WARN_OBJC_ROOT_CLASS = YES_ERROR;
				CLANG_WARN_UNREACHABLE_CODE = YES;
				CLANG_WARN__DUPLICATE_METHOD_MATCH = YES;
				CODE_SIGN_IDENTITY = "-";
				COPY_PHASE_STRIP = NO;
				DEBUG_INFORMATION_FORMAT = dwarf;
				ENABLE_STRICT_OBJC_MSGSEND = YES;
				ENABLE_TESTABILITY = YES;
				GCC_C_LANGUAGE_STANDARD = gnu99;
				GCC_DYNAMIC_NO_PIC = NO;
				GCC_NO_COMMON_BLOCKS = YES;
				GCC_OPTIMIZATION_LEVEL = 0;
				GCC_PREPROCESSOR_DEFINITIONS = (
					"DEBUG=1",
					"$(inherited)",
				);
				GCC_WARN_64_TO_32_BIT_CONVERSION = YES;
				GCC_WARN_ABOUT_RETURN_TYPE = YES_ERROR;
				GCC_WARN_UNDECLARED_SELECTOR = YES;
				GCC_WARN_UNINITIALIZED_AUTOS = YES_AGGRESSIVE;
				GCC_WARN_UNUSED_FUNCTION = YES;
				GCC_WARN_UNUSED_VARIABLE = YES;
				MACOSX_DEPLOYMENT_TARGET = 10.10;
				MTL_ENABLE_DEBUG_INFO = YES;
				ONLY_ACTIVE_ARCH = YES;
				SDKROOT = macosx;
				SWIFT_OPTIMIZATION_LEVEL = "-Onone";
			};
			name = Debug;
		};
		BE8764AE1C8EF428002FBDEE /* Release */ = {
			isa = XCBuildConfiguration;
			buildSettings = {
				ALWAYS_SEARCH_USER_PATHS = NO;
				CLANG_CXX_LANGUAGE_STANDARD = "gnu++0x";
				CLANG_CXX_LIBRARY = "libc++";
				CLANG_ENABLE_MODULES = YES;
				CLANG_ENABLE_OBJC_ARC = YES;
				CLANG_WARN_BOOL_CONVERSION = YES;
				CLANG_WARN_CONSTANT_CONVERSION = YES;
				CLANG_WARN_DIRECT_OBJC_ISA_USAGE = YES_ERROR;
				CLANG_WARN_EMPTY_BODY = YES;
				CLANG_WARN_ENUM_CONVERSION = YES;
				CLANG_WARN_INT_CONVERSION = YES;
				CLANG_WARN_OBJC_ROOT_CLASS = YES_ERROR;
				CLANG_WARN_UNREACHABLE_CODE = YES;
				CLANG_WARN__DUPLICATE_METHOD_MATCH = YES;
				CODE_SIGN_IDENTITY = "-";
				COPY_PHASE_STRIP = NO;
				DEBUG_INFORMATION_FORMAT = "dwarf-with-dsym";
				ENABLE_NS_ASSERTIONS = NO;
				ENABLE_STRICT_OBJC_MSGSEND = YES;
				GCC_C_LANGUAGE_STANDARD = gnu99;
				GCC_NO_COMMON_BLOCKS = YES;
				GCC_WARN_64_TO_32_BIT_CONVERSION = YES;
				GCC_WARN_ABOUT_RETURN_TYPE = YES_ERROR;
				GCC_WARN_UNDECLARED_SELECTOR = YES;
				GCC_WARN_UNINITIALIZED_AUTOS = YES_AGGRESSIVE;
				GCC_WARN_UNUSED_FUNCTION = YES;
				GCC_WARN_UNUSED_VARIABLE = YES;
				MACOSX_DEPLOYMENT_TARGET = 10.10;
				MTL_ENABLE_DEBUG_INFO = NO;
				SDKROOT = macosx;
			};
			name = Release;
		};
		BE8764B01C8EF428002FBDEE /* Debug */ = {
			isa = XCBuildConfiguration;
			buildSettings = {
				LLVM_LTO = YES;
				PRODUCT_NAME = "$(TARGET_NAME)";
			};
			name = Debug;
		};
		BE8764B11C8EF428002FBDEE /* Release */ = {
			isa = XCBuildConfiguration;
			buildSettings = {
				GCC_OPTIMIZATION_LEVEL = fast;
				LLVM_LTO = YES;
				PRODUCT_NAME = "$(TARGET_NAME)";
				SWIFT_OPTIMIZATION_LEVEL = "-Owholemodule";
			};
			name = Release;
		};
		BE8764CC1C90D581002FBDEE /* Debug */ = {
			isa = XCBuildConfiguration;
			buildSettings = {
				COMBINE_HIDPI_IMAGES = YES;
				INFOPLIST_FILE = QwertyDvorakSwiftTests/Info.plist;
				LD_RUNPATH_SEARCH_PATHS = "$(inherited) @executable_path/../Frameworks @loader_path/../Frameworks";
				PRODUCT_BUNDLE_IDENTIFIER = amw.QwertyDvorakSwiftTests;
				PRODUCT_NAME = "$(TARGET_NAME)";
			};
			name = Debug;
		};
		BE8764CD1C90D581002FBDEE /* Release */ = {
			isa = XCBuildConfiguration;
			buildSettings = {
				COMBINE_HIDPI_IMAGES = YES;
				INFOPLIST_FILE = QwertyDvorakSwiftTests/Info.plist;
				LD_RUNPATH_SEARCH_PATHS = "$(inherited) @executable_path/../Frameworks @loader_path/../Frameworks";
				PRODUCT_BUNDLE_IDENTIFIER = amw.QwertyDvorakSwiftTests;
				PRODUCT_NAME = "$(TARGET_NAME)";
			};
			name = Release;
		};
/* End XCBuildConfiguration section */

/* Begin XCConfigurationList section */
		BE8764A31C8EF428002FBDEE /* Build configuration list for PBXProject "QwertyDvorakSwift" */ = {
			isa = XCConfigurationList;
			buildConfigurations = (
				BE8764AD1C8EF428002FBDEE /* Debug */,
				BE8764AE1C8EF428002FBDEE /* Release */,
			);
			defaultConfigurationIsVisible = 0;
			defaultConfigurationName = Release;
		};
		BE8764AF1C8EF428002FBDEE /* Build configuration list for PBXNativeTarget "QwertyDvorakSwift" */ = {
			isa = XCConfigurationList;
			buildConfigurations = (
				BE8764B01C8EF428002FBDEE /* Debug */,
				BE8764B11C8EF428002FBDEE /* Release */,
			);
			defaultConfigurationIsVisible = 0;
			defaultConfigurationName = Release;
		};
		BE8764CB1C90D581002FBDEE /* Build configuration list for PBXNativeTarget "QwertyDvorakSwiftTests" */ = {
			isa = XCConfigurationList;
			buildConfigurations = (
				BE8764CC1C90D581002FBDEE /* Debug */,
				BE8764CD1C90D581002FBDEE /* Release */,
			);
			defaultConfigurationIsVisible = 0;
		};
/* End XCConfigurationList section */
	};
	rootObject = BE8764A01C8EF428002FBDEE /* Project object */;
}
